
Microsoft Visual Studio Solution File, Format Version 12.00
# Visual Studio Version 16
VisualStudioVersion = 16.0.30225.117
MinimumVisualStudioVersion = 10.0.40219.1
Project("{FAE04EC0-301F-11D3-BF4B-00C04F79EFBC}") = "Document.Approve.Api", "Document-approve-api\Document.Approve.Api.csproj", "{A4036A54-24A5-4555-B610-DBC18B5041C7}"
EndProject
Project("{FAE04EC0-301F-11D3-BF4B-00C04F79EFBC}") = "Document.Approve.ApiRequest", "ApiRequest\Document.Approve.ApiRequest.csproj", "{EE8DAC5F-CD63-424C-A954-2CBB09692B35}"
EndProject
Project("{FAE04EC0-301F-11D3-BF4B-00C04F79EFBC}") = "Document.Approve.Infrastructure", "Infrastructure\Document.Approve.Infrastructure.csproj", "{98CC951B-7B99-4CEF-98CB-C31315F37DF0}"
EndProject
Project("{FAE04EC0-301F-11D3-BF4B-00C04F79EFBC}") = "Document.Approve.Domain", "Document.Approve.Domain\Document.Approve.Domain.csproj", "{5AC8DD5E-425B-4A4E-A7EC-4CF97305730A}"
EndProject
Global
	GlobalSection(SolutionConfigurationPlatforms) = preSolution
		Debug|Any CPU = Debug|Any CPU
		Release|Any CPU = Release|Any CPU
	EndGlobalSection
	GlobalSection(ProjectConfigurationPlatforms) = postSolution
		{A4036A54-24A5-4555-B610-DBC18B5041C7}.Debug|Any CPU.ActiveCfg = Debug|Any CPU
		{A4036A54-24A5-4555-B610-DBC18B5041C7}.Debug|Any CPU.Build.0 = Debug|Any CPU
		{A4036A54-24A5-4555-B610-DBC18B5041C7}.Release|Any CPU.ActiveCfg = Release|Any CPU
		{A4036A54-24A5-4555-B610-DBC18B5041C7}.Release|Any CPU.Build.0 = Release|Any CPU
		{EE8DAC5F-CD63-424C-A954-2CBB09692B35}.Debug|Any CPU.ActiveCfg = Debug|Any CPU
		{EE8DAC5F-CD63-424C-A954-2CBB09692B35}.Debug|Any CPU.Build.0 = Debug|Any CPU
		{EE8DAC5F-CD63-424C-A954-2CBB09692B35}.Release|Any CPU.ActiveCfg = Release|Any CPU
		{EE8DAC5F-CD63-424C-A954-2CBB09692B35}.Release|Any CPU.Build.0 = Release|Any CPU
		{98CC951B-7B99-4CEF-98CB-C31315F37DF0}.Debug|Any CPU.ActiveCfg = Debug|Any CPU
		{98CC951B-7B99-4CEF-98CB-C31315F37DF0}.Debug|Any CPU.Build.0 = Debug|Any CPU
		{98CC951B-7B99-4CEF-98CB-C31315F37DF0}.Release|Any CPU.ActiveCfg = Release|Any CPU
		{98CC951B-7B99-4CEF-98CB-C31315F37DF0}.Release|Any CPU.Build.0 = Release|Any CPU
		{5AC8DD5E-425B-4A4E-A7EC-4CF97305730A}.Debug|Any CPU.ActiveCfg = Debug|Any CPU
		{5AC8DD5E-425B-4A4E-A7EC-4CF97305730A}.Debug|Any CPU.Build.0 = Debug|Any CPU
		{5AC8DD5E-425B-4A4E-A7EC-4CF97305730A}.Release|Any CPU.ActiveCfg = Release|Any CPU
		{5AC8DD5E-425B-4A4E-A7EC-4CF97305730A}.Release|Any CPU.Build.0 = Release|Any CPU
	EndGlobalSection
	GlobalSection(SolutionProperties) = preSolution
		HideSolutionNode = FALSE
	EndGlobalSection
	GlobalSection(ExtensibilityGlobals) = postSolution
		SolutionGuid = {85039CA1-70FF-49FB-B767-B67B839501C8}
	EndGlobalSection
EndGlobal
